
Microsoft Visual Studio Solution File, Format Version 12.00
# Visual Studio Version 16
VisualStudioVersion = 16.0.30621.155
MinimumVisualStudioVersion = 10.0.40219.1
Project("{FAE04EC0-301F-11D3-BF4B-00C04F79EFBC}") = "proairetikh2", "proairetikh2\proairetikh2.csproj", "{21E4E3CD-760A-4421-BCE1-AF580A6C42DB}"
EndProject
Global
	GlobalSection(SolutionConfigurationPlatforms) = preSolution
		Debug|Any CPU = Debug|Any CPU
		Release|Any CPU = Release|Any CPU
	EndGlobalSection
	GlobalSection(ProjectConfigurationPlatforms) = postSolution
		{21E4E3CD-760A-4421-BCE1-AF580A6C42DB}.Debug|Any CPU.ActiveCfg = Debug|Any CPU
		{21E4E3CD-760A-4421-BCE1-AF580A6C42DB}.Debug|Any CPU.Build.0 = Debug|Any CPU
		{21E4E3CD-760A-4421-BCE1-AF580A6C42DB}.Release|Any CPU.ActiveCfg = Release|Any CPU
		{21E4E3CD-760A-4421-BCE1-AF580A6C42DB}.Release|Any CPU.Build.0 = Release|Any CPU
	EndGlobalSection
	GlobalSection(SolutionProperties) = preSolution
		HideSolutionNode = FALSE
	EndGlobalSection
	GlobalSection(ExtensibilityGlobals) = postSolution
		SolutionGuid = {4D1823E9-C319-451E-A7A4-6EF82361D848}
	EndGlobalSection
EndGlobal
